{
  "object": {
    "pins": [
      {
        "package": "SwiftUICharts",
        "repositoryURL": "https://github.com/willdale/SwiftUICharts.git",
        "state": {
          "branch": null,
          "revision": "83e478583efe1b997203156795d336d52ede3e98",
          "version": "2.4.1"
        }
      }
    ]
  },
  "version": 1
}
