{
  "object": {
    "pins": [
      {
        "package": "SwiftUICharts",
        "repositoryURL": "https://github.com/willdale/SwiftUICharts.git",
        "state": {
          "branch": null,
          "revision": "5efd625acf577a8e77417dacab3c7322dc6f9a2a",
          "version": "2.3.2"
        }
      }
    ]
  },
  "version": 1
}
